
Microsoft Visual Studio Solution File, Format Version 12.00
# Visual Studio Version 16
VisualStudioVersion = 16.0.31605.320
MinimumVisualStudioVersion = 10.0.40219.1
Project("{FAE04EC0-301F-11D3-BF4B-00C04F79EFBC}") = "AutoCAD_First_CSharp_plug-in", "AutoCAD_First_CSharp_plug-in.csproj", "{89AF3E4D-F514-4148-92B3-36BA48608DA4}"
EndProject
Project("{54435603-DBB4-11D2-8724-00A0C9A8B90C}") = "GIBToolsSetup", "..\installers\GIBToolsSetup\GIBToolsSetup.vdproj", "{72CCB2B2-66C8-401D-A18F-ABEBDC5BA411}"
EndProject
Global
	GlobalSection(SolutionConfigurationPlatforms) = preSolution
		Debug|Any CPU = Debug|Any CPU
		Release|Any CPU = Release|Any CPU
	EndGlobalSection
	GlobalSection(ProjectConfigurationPlatforms) = postSolution
		{89AF3E4D-F514-4148-92B3-36BA48608DA4}.Debug|Any CPU.ActiveCfg = Debug|Any CPU
		{89AF3E4D-F514-4148-92B3-36BA48608DA4}.Debug|Any CPU.Build.0 = Debug|Any CPU
		{89AF3E4D-F514-4148-92B3-36BA48608DA4}.Release|Any CPU.ActiveCfg = Release|Any CPU
		{89AF3E4D-F514-4148-92B3-36BA48608DA4}.Release|Any CPU.Build.0 = Release|Any CPU
		{72CCB2B2-66C8-401D-A18F-ABEBDC5BA411}.Debug|Any CPU.ActiveCfg = Debug
		{72CCB2B2-66C8-401D-A18F-ABEBDC5BA411}.Release|Any CPU.ActiveCfg = Release
	EndGlobalSection
	GlobalSection(SolutionProperties) = preSolution
		HideSolutionNode = FALSE
	EndGlobalSection
	GlobalSection(ExtensibilityGlobals) = postSolution
		SolutionGuid = {BAF46081-AD6B-4257-A206-5CE6EE34ED91}
	EndGlobalSection
EndGlobal
